
Microsoft Visual Studio Solution File, Format Version 12.00
# Visual Studio Version 16
VisualStudioVersion = 16.0.32126.315
MinimumVisualStudioVersion = 10.0.40219.1
Project("{9A19103F-16F7-4668-BE54-9A1E7A4F7556}") = "EntityFrameworkDemo", "EntityFrameworkDemo\EntityFrameworkDemo.csproj", "{72FCF2BE-4331-4721-BCAC-18FD60B4B6C0}"
EndProject
Project("{9A19103F-16F7-4668-BE54-9A1E7A4F7556}") = "LINQ", "..\LINQ\LINQ\LINQ.csproj", "{1791F1D5-B376-4F0E-A19D-07EE5C27D851}"
EndProject
Project("{9A19103F-16F7-4668-BE54-9A1E7A4F7556}") = "ListsAndGenerics", "..\ListsAndGenerics\ListsAndGenerics\ListsAndGenerics.csproj", "{FE837895-88F8-43DD-ACE6-1D7B172F6A6A}"
EndProject
Project("{9A19103F-16F7-4668-BE54-9A1E7A4F7556}") = "ReflectionStudy", "..\ReflectionStudy\ReflectionStudy\ReflectionStudy.csproj", "{CDF70AE2-1497-4402-A72C-48E5DCAA101F}"
EndProject
Project("{9A19103F-16F7-4668-BE54-9A1E7A4F7556}") = "DelegatesStudy", "..\ReflectionStudy\DelegatesStudy\DelegatesStudy.csproj", "{1BF1645D-2259-492F-81B6-B3F1DC7BBA80}"
EndProject
Global
	GlobalSection(SolutionConfigurationPlatforms) = preSolution
		Debug|Any CPU = Debug|Any CPU
		Release|Any CPU = Release|Any CPU
	EndGlobalSection
	GlobalSection(ProjectConfigurationPlatforms) = postSolution
		{72FCF2BE-4331-4721-BCAC-18FD60B4B6C0}.Debug|Any CPU.ActiveCfg = Debug|Any CPU
		{72FCF2BE-4331-4721-BCAC-18FD60B4B6C0}.Debug|Any CPU.Build.0 = Debug|Any CPU
		{72FCF2BE-4331-4721-BCAC-18FD60B4B6C0}.Release|Any CPU.ActiveCfg = Release|Any CPU
		{72FCF2BE-4331-4721-BCAC-18FD60B4B6C0}.Release|Any CPU.Build.0 = Release|Any CPU
		{1791F1D5-B376-4F0E-A19D-07EE5C27D851}.Debug|Any CPU.ActiveCfg = Debug|Any CPU
		{1791F1D5-B376-4F0E-A19D-07EE5C27D851}.Debug|Any CPU.Build.0 = Debug|Any CPU
		{1791F1D5-B376-4F0E-A19D-07EE5C27D851}.Release|Any CPU.ActiveCfg = Release|Any CPU
		{1791F1D5-B376-4F0E-A19D-07EE5C27D851}.Release|Any CPU.Build.0 = Release|Any CPU
		{FE837895-88F8-43DD-ACE6-1D7B172F6A6A}.Debug|Any CPU.ActiveCfg = Debug|Any CPU
		{FE837895-88F8-43DD-ACE6-1D7B172F6A6A}.Debug|Any CPU.Build.0 = Debug|Any CPU
		{FE837895-88F8-43DD-ACE6-1D7B172F6A6A}.Release|Any CPU.ActiveCfg = Release|Any CPU
		{FE837895-88F8-43DD-ACE6-1D7B172F6A6A}.Release|Any CPU.Build.0 = Release|Any CPU
		{CDF70AE2-1497-4402-A72C-48E5DCAA101F}.Debug|Any CPU.ActiveCfg = Debug|Any CPU
		{CDF70AE2-1497-4402-A72C-48E5DCAA101F}.Debug|Any CPU.Build.0 = Debug|Any CPU
		{CDF70AE2-1497-4402-A72C-48E5DCAA101F}.Release|Any CPU.ActiveCfg = Release|Any CPU
		{CDF70AE2-1497-4402-A72C-48E5DCAA101F}.Release|Any CPU.Build.0 = Release|Any CPU
		{1BF1645D-2259-492F-81B6-B3F1DC7BBA80}.Debug|Any CPU.ActiveCfg = Debug|Any CPU
		{1BF1645D-2259-492F-81B6-B3F1DC7BBA80}.Debug|Any CPU.Build.0 = Debug|Any CPU
		{1BF1645D-2259-492F-81B6-B3F1DC7BBA80}.Release|Any CPU.ActiveCfg = Release|Any CPU
		{1BF1645D-2259-492F-81B6-B3F1DC7BBA80}.Release|Any CPU.Build.0 = Release|Any CPU
	EndGlobalSection
	GlobalSection(SolutionProperties) = preSolution
		HideSolutionNode = FALSE
	EndGlobalSection
	GlobalSection(ExtensibilityGlobals) = postSolution
		SolutionGuid = {4B838BEA-AE2B-411D-BEBD-403879F12640}
	EndGlobalSection
EndGlobal
